# This file is automatically @generated by Cargo.
# It is not intended for manual editing.
[[package]]
name = "serde"
version = "1.0.127"
source = "registry+https://github.com/rust-lang/crates.io-index"
checksum = "f03b9878abf6d14e6779d3f24f07b2cfa90352cfec4acc5aab8f1ac7f146fae8"

[[package]]
name = "toml"
version = "0.5.8"
source = "git+https://github.com/alexcrichton/toml-rs#83d787c60dbaaaf5b769f0948a5e8760ea5695cf"
dependencies = [
 "serde",
]

[[package]]
name = "tomlisp"
version = "0.1.0"
dependencies = [
 "toml",
]
