# This file is automatically @generated by Cargo.
# It is not intended for manual editing.
version = 3

[[package]]
name = "anyhow"
version = "1.0.43"
source = "registry+https://github.com/rust-lang/crates.io-index"
checksum = "28ae2b3dec75a406790005a200b1bd89785afc02517a00ca99ecfe093ee9e6cf"

[[package]]
name = "dyn-clone"
version = "1.0.4"
source = "registry+https://github.com/rust-lang/crates.io-index"
checksum = "ee2626afccd7561a06cf1367e2950c4718ea04565e20fb5029b6c7d8ad09abcf"

[[package]]
name = "dyn_partial_eq"
version = "0.1.2"
source = "registry+https://github.com/rust-lang/crates.io-index"
checksum = "a07039d197226c4b9a3810c4f165328fb4e715258a4b8584f143d38e9de04301"
dependencies = [
 "dyn_partial_eq_derive",
]

[[package]]
name = "dyn_partial_eq_derive"
version = "0.1.2"
source = "registry+https://github.com/rust-lang/crates.io-index"
checksum = "0e217c6c1435ebf9b88662354589d339192b8eaf506edd22951e75e045c8e8bd"
dependencies = [
 "quote",
 "syn",
]

[[package]]
name = "either"
version = "1.6.1"
source = "registry+https://github.com/rust-lang/crates.io-index"
checksum = "e78d4f1cc4ae33bbfc157ed5d5a5ef3bc29227303d595861deb238fcec4e9457"

[[package]]
name = "itertools"
version = "0.10.1"
source = "registry+https://github.com/rust-lang/crates.io-index"
checksum = "69ddb889f9d0d08a67338271fa9b62996bc788c7796a5c18cf057420aaed5eaf"
dependencies = [
 "either",
]

[[package]]
name = "peg"
version = "0.7.0"
source = "registry+https://github.com/rust-lang/crates.io-index"
checksum = "07c0b841ea54f523f7aa556956fbd293bcbe06f2e67d2eb732b7278aaf1d166a"
dependencies = [
 "peg-macros",
 "peg-runtime",
]

[[package]]
name = "peg-macros"
version = "0.7.0"
source = "registry+https://github.com/rust-lang/crates.io-index"
checksum = "b5aa52829b8decbef693af90202711348ab001456803ba2a98eb4ec8fb70844c"
dependencies = [
 "peg-runtime",
 "proc-macro2",
 "quote",
]

[[package]]
name = "peg-runtime"
version = "0.7.0"
source = "registry+https://github.com/rust-lang/crates.io-index"
checksum = "c719dcf55f09a3a7e764c6649ab594c18a177e3599c467983cdf644bfc0a4088"

[[package]]
name = "proc-macro2"
version = "1.0.28"
source = "registry+https://github.com/rust-lang/crates.io-index"
checksum = "5c7ed8b8c7b886ea3ed7dde405212185f423ab44682667c8c6dd14aa1d9f6612"
dependencies = [
 "unicode-xid",
]

[[package]]
name = "quote"
version = "1.0.9"
source = "registry+https://github.com/rust-lang/crates.io-index"
checksum = "c3d0b9745dc2debf507c8422de05d7226cc1f0644216dfdfead988f9b1ab32a7"
dependencies = [
 "proc-macro2",
]

[[package]]
name = "syn"
version = "1.0.75"
source = "registry+https://github.com/rust-lang/crates.io-index"
checksum = "b7f58f7e8eaa0009c5fec437aabf511bd9933e4b2d7407bd05273c01a8906ea7"
dependencies = [
 "proc-macro2",
 "quote",
 "unicode-xid",
]

[[package]]
name = "unicode-xid"
version = "0.2.2"
source = "registry+https://github.com/rust-lang/crates.io-index"
checksum = "8ccb82d61f80a663efe1f787a51b16b5a51e3314d6ac365b08639f52387b33f3"

[[package]]
name = "zac"
version = "0.1.0"
dependencies = [
 "anyhow",
 "dyn-clone",
 "dyn_partial_eq",
 "itertools",
 "peg",
]
